
Microsoft Visual Studio Solution File, Format Version 12.00
# Visual Studio Version 17
VisualStudioVersion = 17.7.34031.279
MinimumVisualStudioVersion = 10.0.40219.1
Project("{FAE04EC0-301F-11D3-BF4B-00C04F79EFBC}") = "WeatherForEver", "WeatherForEver.csproj", "{9E25C131-5607-45EB-81E5-F64888A07FE8}"
EndProject
Global
	GlobalSection(SolutionConfigurationPlatforms) = preSolution
		Debug|Any CPU = Debug|Any CPU
		Release|Any CPU = Release|Any CPU
	EndGlobalSection
	GlobalSection(ProjectConfigurationPlatforms) = postSolution
		{9E25C131-5607-45EB-81E5-F64888A07FE8}.Debug|Any CPU.ActiveCfg = Debug|Any CPU
		{9E25C131-5607-45EB-81E5-F64888A07FE8}.Debug|Any CPU.Build.0 = Debug|Any CPU
		{9E25C131-5607-45EB-81E5-F64888A07FE8}.Release|Any CPU.ActiveCfg = Release|Any CPU
		{9E25C131-5607-45EB-81E5-F64888A07FE8}.Release|Any CPU.Build.0 = Release|Any CPU
	EndGlobalSection
	GlobalSection(SolutionProperties) = preSolution
		HideSolutionNode = FALSE
	EndGlobalSection
	GlobalSection(ExtensibilityGlobals) = postSolution
		SolutionGuid = {820DC128-4376-4167-AC2B-0FFE6A3DB63A}
	EndGlobalSection
EndGlobal
